<?xml version="1.0" encoding="UTF-8"?>
<Solution>
	<Configurations>
		<BuildType Name="Debug"/>
		<BuildType Name="Release"/>
		<BuildType Name="MinSizeRel"/>
		<BuildType Name="RelWithDebInfo"/>
		<Platform Name="x64"/>
	</Configurations>
	<Project Path="ALL_BUILD.vcxproj" Type="8bc9ceb8-8b4a-11d0-8d11-00a0c91bc942" Id="8132a144-f2bb-37d3-830a-1ca215b6f5c0" DefaultStartup="true">
		<BuildDependency Project="AutotuneBaselineProbe.vcxproj"/>
		<BuildDependency Project="AutotuneCommercialRegression.vcxproj"/>
		<BuildDependency Project="AutotuneCorpusRegression.vcxproj"/>
		<BuildDependency Project="AutotuneLowRegisterProbe.vcxproj"/>
		<BuildDependency Project="AutotuneSanitizerSmoke.vcxproj"/>
		<BuildDependency Project="AutotuneScaleTempoStrict.vcxproj"/>
		<BuildDependency Project="ZERO_CHECK.vcxproj"/>
		<Build Solution="Debug|*" Project="false"/>
		<Build Solution="Release|*" Project="false"/>
		<Build Solution="MinSizeRel|*" Project="false"/>
		<Build Solution="RelWithDebInfo|*" Project="false"/>
	</Project>
	<Project Path="AutotuneBaselineProbe.vcxproj" Type="8bc9ceb8-8b4a-11d0-8d11-00a0c91bc942" Id="93029670-1944-3439-b71a-f9bbb2f0e1dc">
		<BuildDependency Project="ZERO_CHECK.vcxproj"/>
	</Project>
	<Project Path="AutotuneCommercialRegression.vcxproj" Type="8bc9ceb8-8b4a-11d0-8d11-00a0c91bc942" Id="1ca55e00-93d8-330d-8e30-70b851ba7d9b">
		<BuildDependency Project="ZERO_CHECK.vcxproj"/>
	</Project>
	<Project Path="AutotuneCorpusRegression.vcxproj" Type="8bc9ceb8-8b4a-11d0-8d11-00a0c91bc942" Id="afc5117d-cab0-3d21-b4f3-a9d190b37c50">
		<BuildDependency Project="ZERO_CHECK.vcxproj"/>
	</Project>
	<Project Path="AutotuneLowRegisterProbe.vcxproj" Type="8bc9ceb8-8b4a-11d0-8d11-00a0c91bc942" Id="4b571454-620a-3ceb-ab56-20ef9db9a0ba">
		<BuildDependency Project="ZERO_CHECK.vcxproj"/>
	</Project>
	<Project Path="AutotuneSanitizerSmoke.vcxproj" Type="8bc9ceb8-8b4a-11d0-8d11-00a0c91bc942" Id="3fc279e8-8652-37f4-b162-59bf0c5e6753">
		<BuildDependency Project="ZERO_CHECK.vcxproj"/>
	</Project>
	<Project Path="AutotuneScaleTempoStrict.vcxproj" Type="8bc9ceb8-8b4a-11d0-8d11-00a0c91bc942" Id="4e4adebf-bfbe-3c5f-8736-928d45828f52">
		<BuildDependency Project="ZERO_CHECK.vcxproj"/>
	</Project>
	<Project Path="RUN_TESTS.vcxproj" Type="8bc9ceb8-8b4a-11d0-8d11-00a0c91bc942" Id="be4e64a2-9f19-378e-b9eb-71ebfccdef4a">
		<BuildDependency Project="ZERO_CHECK.vcxproj"/>
		<Build Solution="Debug|*" Project="false"/>
		<Build Solution="Release|*" Project="false"/>
		<Build Solution="MinSizeRel|*" Project="false"/>
		<Build Solution="RelWithDebInfo|*" Project="false"/>
	</Project>
	<Project Path="ZERO_CHECK.vcxproj" Type="8bc9ceb8-8b4a-11d0-8d11-00a0c91bc942" Id="2b1cc709-36d0-3c41-ae8b-ea686be1fb0a"/>
</Solution>
