<?xml version="1.0" encoding="utf-8"?>
<Project ToolsVersion="18.0" xmlns="http://schemas.microsoft.com/developer/msbuild/2003">
  <ItemGroup>
    <ClCompile Include="C:\Users\gugli\OneDrive\Desktop\Autotune Microtonale\Tests\LowRegisterProbe.cpp">
      <Filter>Source Files</Filter>
    </ClCompile>
    <ClCompile Include="C:\Users\gugli\OneDrive\Desktop\Autotune Microtonale\Source\ModernPitchEngine.cpp">
      <Filter>Source Files</Filter>
    </ClCompile>
    <ClCompile Include="C:\Users\gugli\OneDrive\Desktop\Autotune Microtonale\Source\Tempo.cpp">
      <Filter>Source Files</Filter>
    </ClCompile>
  </ItemGroup>
  <ItemGroup>
    <CustomBuild Include="C:\Users\gugli\OneDrive\Desktop\Autotune Microtonale\Tests\CMakeLists.txt" />
  </ItemGroup>
  <ItemGroup>
    <Filter Include="Source Files">
      <UniqueIdentifier>{4D0D57FD-3239-3F11-AA52-305F0CA573B4}</UniqueIdentifier>
    </Filter>
  </ItemGroup>
</Project>
